
Microsoft Visual Studio Solution File, Format Version 12.00
# Visual Studio Version 16
VisualStudioVersion = 16.0.32126.315
MinimumVisualStudioVersion = 10.0.40219.1
Project("{8BC9CEB8-8B4A-11D0-8D11-00A0C91BC942}") = "d3d12ProxyTst", "d3d12ProxyTst.vcxproj", "{6823C427-8E30-4BA2-9344-D2AAEF09E692}"
EndProject
Global
	GlobalSection(SolutionConfigurationPlatforms) = preSolution
		Debug|x64 = Debug|x64
		Debug|x86 = Debug|x86
		Release|x64 = Release|x64
		Release|x86 = Release|x86
	EndGlobalSection
	GlobalSection(ProjectConfigurationPlatforms) = postSolution
		{6823C427-8E30-4BA2-9344-D2AAEF09E692}.Debug|x64.ActiveCfg = Debug|x64
		{6823C427-8E30-4BA2-9344-D2AAEF09E692}.Debug|x64.Build.0 = Debug|x64
		{6823C427-8E30-4BA2-9344-D2AAEF09E692}.Debug|x86.ActiveCfg = Debug|Win32
		{6823C427-8E30-4BA2-9344-D2AAEF09E692}.Debug|x86.Build.0 = Debug|Win32
		{6823C427-8E30-4BA2-9344-D2AAEF09E692}.Release|x64.ActiveCfg = Release|x64
		{6823C427-8E30-4BA2-9344-D2AAEF09E692}.Release|x64.Build.0 = Release|x64
		{6823C427-8E30-4BA2-9344-D2AAEF09E692}.Release|x86.ActiveCfg = Release|Win32
		{6823C427-8E30-4BA2-9344-D2AAEF09E692}.Release|x86.Build.0 = Release|Win32
	EndGlobalSection
	GlobalSection(SolutionProperties) = preSolution
		HideSolutionNode = FALSE
	EndGlobalSection
	GlobalSection(ExtensibilityGlobals) = postSolution
		SolutionGuid = {ADF4E50C-4B32-4561-A0E6-12DE90621EE3}
	EndGlobalSection
EndGlobal
